{
  "name": "pokedex",
  "version": "1.0.0",
  "lockfileVersion": 2,
  "requires": true,
  "packages": {
    "": {
      "name": "pokedex",
      "version": "1.0.0",
      "license": "ISC",
      "dependencies": {
        "luxon": "^3.0.3",
        "sweetalert2": "^11.4.31"
      }
    },
    "node_modules/luxon": {
      "version": "3.0.3",
      "resolved": "https://registry.npmjs.org/luxon/-/luxon-3.0.3.tgz",
      "integrity": "sha512-+EfHWnF+UT7GgTnq5zXg3ldnTKL2zdv7QJgsU5bjjpbH17E3qi/puMhQyJVYuCq+FRkogvB5WB6iVvUr+E4a7w==",
      "engines": {
        "node": ">=12"
      }
    },
    "node_modules/sweetalert2": {
      "version": "11.4.31",
      "resolved": "https://registry.npmjs.org/sweetalert2/-/sweetalert2-11.4.31.tgz",
      "integrity": "sha512-h5nEP8+q9qBx0O0c6Py3Lpgkq3j+AjJ/YUdQmuZwf+pR9L1TJxz9BU23j6GO9Jfr8hnTIuMJWFbUK302fc8IBQ==",
      "funding": {
        "type": "individual",
        "url": "https://sweetalert2.github.io/#donations"
      }
    }
  },
  "dependencies": {
    "luxon": {
      "version": "3.0.3",
      "resolved": "https://registry.npmjs.org/luxon/-/luxon-3.0.3.tgz",
      "integrity": "sha512-+EfHWnF+UT7GgTnq5zXg3ldnTKL2zdv7QJgsU5bjjpbH17E3qi/puMhQyJVYuCq+FRkogvB5WB6iVvUr+E4a7w=="
    },
    "sweetalert2": {
      "version": "11.4.31",
      "resolved": "https://registry.npmjs.org/sweetalert2/-/sweetalert2-11.4.31.tgz",
      "integrity": "sha512-h5nEP8+q9qBx0O0c6Py3Lpgkq3j+AjJ/YUdQmuZwf+pR9L1TJxz9BU23j6GO9Jfr8hnTIuMJWFbUK302fc8IBQ=="
    }
  }
}
